
Microsoft Visual Studio Solution File, Format Version 12.00
# Visual Studio 15
VisualStudioVersion = 15.0.28307.902
MinimumVisualStudioVersion = 10.0.40219.1
Project("{FAE04EC0-301F-11D3-BF4B-00C04F79EFBC}") = "SeleniumWebDriveProject", "SeleniumWebDriveProject\SeleniumWebDriveProject.csproj", "{2C3185C1-E428-4C00-821C-72CA43AD12D7}"
EndProject
Global
	GlobalSection(SolutionConfigurationPlatforms) = preSolution
		Debug|Any CPU = Debug|Any CPU
		Release|Any CPU = Release|Any CPU
	EndGlobalSection
	GlobalSection(ProjectConfigurationPlatforms) = postSolution
		{2C3185C1-E428-4C00-821C-72CA43AD12D7}.Debug|Any CPU.ActiveCfg = Debug|Any CPU
		{2C3185C1-E428-4C00-821C-72CA43AD12D7}.Debug|Any CPU.Build.0 = Debug|Any CPU
		{2C3185C1-E428-4C00-821C-72CA43AD12D7}.Release|Any CPU.ActiveCfg = Release|Any CPU
		{2C3185C1-E428-4C00-821C-72CA43AD12D7}.Release|Any CPU.Build.0 = Release|Any CPU
	EndGlobalSection
	GlobalSection(SolutionProperties) = preSolution
		HideSolutionNode = FALSE
	EndGlobalSection
	GlobalSection(ExtensibilityGlobals) = postSolution
		SolutionGuid = {9FD1F658-627A-4EB5-988B-910AE9EA0F06}
	EndGlobalSection
EndGlobal
